
Microsoft Visual Studio Solution File, Format Version 12.00
# Visual Studio 15
VisualStudioVersion = 15.0.28010.2041
MinimumVisualStudioVersion = 10.0.40219.1
Project("{00D1A9C2-B5F0-4AF3-8072-F6C62B433612}") = "MergeTest", "MergeTest\MergeTest.sqlproj", "{CC10E2ED-2400-42CC-83F6-3C488C143E0D}"
EndProject
Global
	GlobalSection(SolutionConfigurationPlatforms) = preSolution
		Debug|Any CPU = Debug|Any CPU
		Release|Any CPU = Release|Any CPU
	EndGlobalSection
	GlobalSection(ProjectConfigurationPlatforms) = postSolution
		{CC10E2ED-2400-42CC-83F6-3C488C143E0D}.Debug|Any CPU.ActiveCfg = Debug|Any CPU
		{CC10E2ED-2400-42CC-83F6-3C488C143E0D}.Debug|Any CPU.Build.0 = Debug|Any CPU
		{CC10E2ED-2400-42CC-83F6-3C488C143E0D}.Debug|Any CPU.Deploy.0 = Debug|Any CPU
		{CC10E2ED-2400-42CC-83F6-3C488C143E0D}.Release|Any CPU.ActiveCfg = Release|Any CPU
		{CC10E2ED-2400-42CC-83F6-3C488C143E0D}.Release|Any CPU.Build.0 = Release|Any CPU
		{CC10E2ED-2400-42CC-83F6-3C488C143E0D}.Release|Any CPU.Deploy.0 = Release|Any CPU
	EndGlobalSection
	GlobalSection(SolutionProperties) = preSolution
		HideSolutionNode = FALSE
	EndGlobalSection
	GlobalSection(ExtensibilityGlobals) = postSolution
		SolutionGuid = {EA59B412-D06D-468D-8B5D-905930C3007E}
	EndGlobalSection
EndGlobal
